// !$*UTF8*$!
{
	archiveVersion = 1;
	classes = {
	};
	objectVersion = 77;
	objects = {

/* Begin PBXBuildFile section */
		006B17A84C114EDF9B129CAE /* NostrConnectParser.swift in Sources */ = {isa = PBXBuildFile; fileRef = 34B139A8E147475F9B40B3D5 /* NostrConnectParser.swift */; };
		6D2C503B9EF64C8EA5101CDB /* NostrConnectParser.swift in Sources */ = {isa = PBXBuildFile; fileRef = 34B139A8E147475F9B40B3D5 /* NostrConnectParser.swift */; };
		B0EBA01E2F90AB01000A0001 /* PendingApprovalBanner.swift in Sources */ = {isa = PBXBuildFile; fileRef = B0EBA01E2F90AB01000A0002 /* PendingApprovalBanner.swift */; };
		BD247C1AD3A7497E8DF29530 /* ClientPermissions.swift in Sources */ = {isa = PBXBuildFile; fileRef = 894FE9FF88CD485ABCD31C05 /* ClientPermissions.swift */; };
		DD90DE0C2D8944D08B23C606 /* ClientPermissions.swift in Sources */ = {isa = PBXBuildFile; fileRef = 894FE9FF88CD485ABCD31C05 /* ClientPermissions.swift */; };
		DE7E10B2DE7E10B2DE7E10B2 /* DeveloperSettings.swift in Sources */ = {isa = PBXBuildFile; fileRef = DE7E10B1DE7E10B1DE7E10B1 /* DeveloperSettings.swift */; };
		DE7E10B3DE7E10B3DE7E10B3 /* DeveloperSettings.swift in Sources */ = {isa = PBXBuildFile; fileRef = DE7E10B1DE7E10B1DE7E10B1 /* DeveloperSettings.swift */; };
		DE7E10C2DE7E10C2DE7E10C2 /* LogExporter.swift in Sources */ = {isa = PBXBuildFile; fileRef = DE7E10C1DE7E10C1DE7E10C1 /* LogExporter.swift */; };
		DE7E10C3DE7E10C3DE7E10C3 /* LogExporter.swift in Sources */ = {isa = PBXBuildFile; fileRef = DE7E10C1DE7E10C1DE7E10C1 /* LogExporter.swift */; };
		EF1963B89F3A6472380F1E0A /* LightRelay.swift in Sources */ = {isa = PBXBuildFile; fileRef = EF3D7A5B2F8BD020005A6545 /* LightRelay.swift */; };
		EF251FEC744434349FD7256D /* P256K in Frameworks */ = {isa = PBXBuildFile; productRef = EF609A96DAD7E5693CA7EE4D /* P256K */; };
		EF304CFAA8D958E7CCDF01AD /* LightCrypto.swift in Sources */ = {isa = PBXBuildFile; fileRef = EF3D7A592F8BD020005A6545 /* LightCrypto.swift */; };
		EF3D7A442F8BCC5C005A6545 /* ClaveNSE.appex in Embed Foundation Extensions */ = {isa = PBXBuildFile; fileRef = EF3D7A3D2F8BCC5C005A6545 /* ClaveNSE.appex */; settings = {ATTRIBUTES = (RemoveHeadersOnCopy, ); }; };
		EF3D7A502F8BCE15005A6545 /* NostrSDK in Frameworks */ = {isa = PBXBuildFile; productRef = EF3D7A4F2F8BCE15005A6545 /* NostrSDK */; };
		EF3D7A532F8BCE6A005A6545 /* P256K in Frameworks */ = {isa = PBXBuildFile; productRef = EF3D7A522F8BCE6A005A6545 /* P256K */; };
		EF3D7A612F8BD020005A6545 /* SharedConstants.swift in Sources */ = {isa = PBXBuildFile; fileRef = EF3D7A5D2F8BD020005A6545 /* SharedConstants.swift */; };
		EF3D7A682F8BD0B8005A6545 /* SharedConstants.swift in Sources */ = {isa = PBXBuildFile; fileRef = EF3D7A5D2F8BD020005A6545 /* SharedConstants.swift */; };
		EF3D7A692F8BD0C5005A6545 /* SharedKeychain.swift in Sources */ = {isa = PBXBuildFile; fileRef = EF3D7A5E2F8BD020005A6545 /* SharedKeychain.swift */; };
		EF3D7A6A2F8BD0D1005A6545 /* Bech32.swift in Sources */ = {isa = PBXBuildFile; fileRef = EF3D7A582F8BD020005A6545 /* Bech32.swift */; };
		EF3D7A6B2F8BD0FD005A6545 /* LightCrypto.swift in Sources */ = {isa = PBXBuildFile; fileRef = EF3D7A592F8BD020005A6545 /* LightCrypto.swift */; };
		EF3D7A6C2F8BD107005A6545 /* LightEvent.swift in Sources */ = {isa = PBXBuildFile; fileRef = EF3D7A5A2F8BD020005A6545 /* LightEvent.swift */; };
		EF3D7A6D2F8BD139005A6545 /* LightRelay.swift in Sources */ = {isa = PBXBuildFile; fileRef = EF3D7A5B2F8BD020005A6545 /* LightRelay.swift */; };
		EF3D7A6E2F8BD146005A6545 /* LightSigner.swift in Sources */ = {isa = PBXBuildFile; fileRef = EF3D7A5C2F8BD020005A6545 /* LightSigner.swift */; };
		EF3D7A702F8BD189005A6545 /* SignerService.swift in Sources */ = {isa = PBXBuildFile; fileRef = EF3D7A5F2F8BD020005A6545 /* SignerService.swift */; };
		EF3D7A722F8BD1C4005A6545 /* SharedKeychain.swift in Sources */ = {isa = PBXBuildFile; fileRef = EF3D7A5E2F8BD020005A6545 /* SharedKeychain.swift */; };
		EF56291E7860E39D54142281 /* SharedModels.swift in Sources */ = {isa = PBXBuildFile; fileRef = EFCA55B463A619311A35AF3C /* SharedModels.swift */; };
		EF6058BFB67AD8970BBE8953 /* LightEvent.swift in Sources */ = {isa = PBXBuildFile; fileRef = EF3D7A5A2F8BD020005A6545 /* LightEvent.swift */; };
		EF85F076F6C02095C4B6D9C4 /* LightSigner.swift in Sources */ = {isa = PBXBuildFile; fileRef = EF3D7A5C2F8BD020005A6545 /* LightSigner.swift */; };
		EFAF49B35F7A4241A65DCD89 /* SharedStorage.swift in Sources */ = {isa = PBXBuildFile; fileRef = EFEE4316AC522CDDA35AFAC1 /* SharedStorage.swift */; };
		EFBF443D3DA775A267700410 /* Bech32.swift in Sources */ = {isa = PBXBuildFile; fileRef = EF3D7A582F8BD020005A6545 /* Bech32.swift */; };
		EFC7FD75109694C0A7F86D26 /* SharedModels.swift in Sources */ = {isa = PBXBuildFile; fileRef = EFCA55B463A619311A35AF3C /* SharedModels.swift */; };
		EFE12D1EC4CE48622767D427 /* SharedStorage.swift in Sources */ = {isa = PBXBuildFile; fileRef = EFEE4316AC522CDDA35AFAC1 /* SharedStorage.swift */; };
		F60FCE012F8BCAE3000FAC0A /* ForegroundRelaySubscription.swift in Sources */ = {isa = PBXBuildFile; fileRef = F60FCE002F8BCAE3000FAC0A /* ForegroundRelaySubscription.swift */; };
/* End PBXBuildFile section */

/* Begin PBXContainerItemProxy section */
		EF3D7A1D2F8BCAE6005A6545 /* PBXContainerItemProxy */ = {
			isa = PBXContainerItemProxy;
			containerPortal = EF3D7A072F8BCAE3005A6545 /* Project object */;
			proxyType = 1;
			remoteGlobalIDString = EF3D7A0E2F8BCAE3005A6545;
			remoteInfo = Clave;
		};
		EF3D7A272F8BCAE6005A6545 /* PBXContainerItemProxy */ = {
			isa = PBXContainerItemProxy;
			containerPortal = EF3D7A072F8BCAE3005A6545 /* Project object */;
			proxyType = 1;
			remoteGlobalIDString = EF3D7A0E2F8BCAE3005A6545;
			remoteInfo = Clave;
		};
		EF3D7A422F8BCC5C005A6545 /* PBXContainerItemProxy */ = {
			isa = PBXContainerItemProxy;
			containerPortal = EF3D7A072F8BCAE3005A6545 /* Project object */;
			proxyType = 1;
			remoteGlobalIDString = EF3D7A3C2F8BCC5C005A6545;
			remoteInfo = ClaveNSE;
		};
/* End PBXContainerItemProxy section */

/* Begin PBXCopyFilesBuildPhase section */
		EF3D7A492F8BCC5C005A6545 /* Embed Foundation Extensions */ = {
			isa = PBXCopyFilesBuildPhase;
			buildActionMask = 2147483647;
			dstPath = "";
			dstSubfolderSpec = 13;
			files = (
				EF3D7A442F8BCC5C005A6545 /* ClaveNSE.appex in Embed Foundation Extensions */,
			);
			name = "Embed Foundation Extensions";
			runOnlyForDeploymentPostprocessing = 0;
		};
/* End PBXCopyFilesBuildPhase section */

/* Begin PBXFileReference section */
		34B139A8E147475F9B40B3D5 /* NostrConnectParser.swift */ = {isa = PBXFileReference; lastKnownFileType = sourcecode.swift; path = NostrConnectParser.swift; sourceTree = "<group>"; };
		894FE9FF88CD485ABCD31C05 /* ClientPermissions.swift */ = {isa = PBXFileReference; lastKnownFileType = sourcecode.swift; path = ClientPermissions.swift; sourceTree = "<group>"; };
		B0EBA01E2F90AB01000A0002 /* PendingApprovalBanner.swift */ = {isa = PBXFileReference; lastKnownFileType = sourcecode.swift; path = PendingApprovalBanner.swift; sourceTree = "<group>"; };
		DE7E10B1DE7E10B1DE7E10B1 /* DeveloperSettings.swift */ = {isa = PBXFileReference; lastKnownFileType = sourcecode.swift; path = DeveloperSettings.swift; sourceTree = "<group>"; };
		DE7E10C1DE7E10C1DE7E10C1 /* LogExporter.swift */ = {isa = PBXFileReference; lastKnownFileType = sourcecode.swift; path = LogExporter.swift; sourceTree = "<group>"; };
		EF3D7A0F2F8BCAE3005A6545 /* Clave.app */ = {isa = PBXFileReference; explicitFileType = wrapper.application; includeInIndex = 0; path = Clave.app; sourceTree = BUILT_PRODUCTS_DIR; };
		EF3D7A1C2F8BCAE6005A6545 /* ClaveTests.xctest */ = {isa = PBXFileReference; explicitFileType = wrapper.cfbundle; includeInIndex = 0; path = ClaveTests.xctest; sourceTree = BUILT_PRODUCTS_DIR; };
		EF3D7A262F8BCAE6005A6545 /* ClaveUITests.xctest */ = {isa = PBXFileReference; explicitFileType = wrapper.cfbundle; includeInIndex = 0; path = ClaveUITests.xctest; sourceTree = BUILT_PRODUCTS_DIR; };
		EF3D7A3D2F8BCC5C005A6545 /* ClaveNSE.appex */ = {isa = PBXFileReference; explicitFileType = "wrapper.app-extension"; includeInIndex = 0; path = ClaveNSE.appex; sourceTree = BUILT_PRODUCTS_DIR; };
		EF3D7A582F8BD020005A6545 /* Bech32.swift */ = {isa = PBXFileReference; lastKnownFileType = sourcecode.swift; path = Bech32.swift; sourceTree = "<group>"; };
		EF3D7A592F8BD020005A6545 /* LightCrypto.swift */ = {isa = PBXFileReference; lastKnownFileType = sourcecode.swift; path = LightCrypto.swift; sourceTree = "<group>"; };
		EF3D7A5A2F8BD020005A6545 /* LightEvent.swift */ = {isa = PBXFileReference; lastKnownFileType = sourcecode.swift; path = LightEvent.swift; sourceTree = "<group>"; };
		EF3D7A5B2F8BD020005A6545 /* LightRelay.swift */ = {isa = PBXFileReference; lastKnownFileType = sourcecode.swift; path = LightRelay.swift; sourceTree = "<group>"; };
		EF3D7A5C2F8BD020005A6545 /* LightSigner.swift */ = {isa = PBXFileReference; lastKnownFileType = sourcecode.swift; path = LightSigner.swift; sourceTree = "<group>"; };
		EF3D7A5D2F8BD020005A6545 /* SharedConstants.swift */ = {isa = PBXFileReference; lastKnownFileType = sourcecode.swift; path = SharedConstants.swift; sourceTree = "<group>"; };
		EF3D7A5E2F8BD020005A6545 /* SharedKeychain.swift */ = {isa = PBXFileReference; lastKnownFileType = sourcecode.swift; path = SharedKeychain.swift; sourceTree = "<group>"; };
		EF3D7A5F2F8BD020005A6545 /* SignerService.swift */ = {isa = PBXFileReference; lastKnownFileType = sourcecode.swift; path = SignerService.swift; sourceTree = "<group>"; };
		EFCA55B463A619311A35AF3C /* SharedModels.swift */ = {isa = PBXFileReference; lastKnownFileType = sourcecode.swift; path = SharedModels.swift; sourceTree = "<group>"; };
		EFEE4316AC522CDDA35AFAC1 /* SharedStorage.swift */ = {isa = PBXFileReference; lastKnownFileType = sourcecode.swift; path = SharedStorage.swift; sourceTree = "<group>"; };
		F60FCE002F8BCAE3000FAC0A /* ForegroundRelaySubscription.swift */ = {isa = PBXFileReference; lastKnownFileType = sourcecode.swift; path = ForegroundRelaySubscription.swift; sourceTree = "<group>"; };
/* End PBXFileReference section */

/* Begin PBXFileSystemSynchronizedBuildFileExceptionSet section */
		EF3D7A452F8BCC5C005A6545 /* Exceptions for "ClaveNSE" folder in "ClaveNSE" target */ = {
			isa = PBXFileSystemSynchronizedBuildFileExceptionSet;
			membershipExceptions = (
				Info.plist,
			);
			target = EF3D7A3C2F8BCC5C005A6545 /* ClaveNSE */;
		};
		EF3D7A4D2F8BCDB5005A6545 /* Exceptions for "Clave" folder in "Clave" target */ = {
			isa = PBXFileSystemSynchronizedBuildFileExceptionSet;
			membershipExceptions = (
				Info.plist,
			);
			target = EF3D7A0E2F8BCAE3005A6545 /* Clave */;
		};
/* End PBXFileSystemSynchronizedBuildFileExceptionSet section */

/* Begin PBXFileSystemSynchronizedRootGroup section */
		EF3D7A112F8BCAE3005A6545 /* Clave */ = {
			isa = PBXFileSystemSynchronizedRootGroup;
			exceptions = (
				EF3D7A4D2F8BCDB5005A6545 /* Exceptions for "Clave" folder in "Clave" target */,
			);
			path = Clave;
			sourceTree = "<group>";
		};
		EF3D7A1F2F8BCAE6005A6545 /* ClaveTests */ = {
			isa = PBXFileSystemSynchronizedRootGroup;
			path = ClaveTests;
			sourceTree = "<group>";
		};
		EF3D7A292F8BCAE6005A6545 /* ClaveUITests */ = {
			isa = PBXFileSystemSynchronizedRootGroup;
			path = ClaveUITests;
			sourceTree = "<group>";
		};
		EF3D7A3E2F8BCC5C005A6545 /* ClaveNSE */ = {
			isa = PBXFileSystemSynchronizedRootGroup;
			exceptions = (
				EF3D7A452F8BCC5C005A6545 /* Exceptions for "ClaveNSE" folder in "ClaveNSE" target */,
			);
			path = ClaveNSE;
			sourceTree = "<group>";
		};
/* End PBXFileSystemSynchronizedRootGroup section */

/* Begin PBXFrameworksBuildPhase section */
		EF3D7A0C2F8BCAE3005A6545 /* Frameworks */ = {
			isa = PBXFrameworksBuildPhase;
			buildActionMask = 2147483647;
			files = (
				EF3D7A502F8BCE15005A6545 /* NostrSDK in Frameworks */,
				EF251FEC744434349FD7256D /* P256K in Frameworks */,
			);
			runOnlyForDeploymentPostprocessing = 0;
		};
		EF3D7A192F8BCAE6005A6545 /* Frameworks */ = {
			isa = PBXFrameworksBuildPhase;
			buildActionMask = 2147483647;
			files = (
			);
			runOnlyForDeploymentPostprocessing = 0;
		};
		EF3D7A232F8BCAE6005A6545 /* Frameworks */ = {
			isa = PBXFrameworksBuildPhase;
			buildActionMask = 2147483647;
			files = (
			);
			runOnlyForDeploymentPostprocessing = 0;
		};
		EF3D7A3A2F8BCC5C005A6545 /* Frameworks */ = {
			isa = PBXFrameworksBuildPhase;
			buildActionMask = 2147483647;
			files = (
				EF3D7A532F8BCE6A005A6545 /* P256K in Frameworks */,
			);
			runOnlyForDeploymentPostprocessing = 0;
		};
/* End PBXFrameworksBuildPhase section */

/* Begin PBXGroup section */
		EF3D7A062F8BCAE3005A6545 = {
			isa = PBXGroup;
			children = (
				EF3D7A572F8BD011005A6545 /* Shared */,
				EF3D7A112F8BCAE3005A6545 /* Clave */,
				EF3D7A1F2F8BCAE6005A6545 /* ClaveTests */,
				EF3D7A292F8BCAE6005A6545 /* ClaveUITests */,
				EF3D7A3E2F8BCC5C005A6545 /* ClaveNSE */,
				EF3D7A102F8BCAE3005A6545 /* Products */,
			);
			sourceTree = "<group>";
		};
		EF3D7A102F8BCAE3005A6545 /* Products */ = {
			isa = PBXGroup;
			children = (
				EF3D7A0F2F8BCAE3005A6545 /* Clave.app */,
				EF3D7A1C2F8BCAE6005A6545 /* ClaveTests.xctest */,
				EF3D7A262F8BCAE6005A6545 /* ClaveUITests.xctest */,
				EF3D7A3D2F8BCC5C005A6545 /* ClaveNSE.appex */,
			);
			name = Products;
			sourceTree = "<group>";
		};
		EF3D7A572F8BD011005A6545 /* Shared */ = {
			isa = PBXGroup;
			children = (
				EF3D7A582F8BD020005A6545 /* Bech32.swift */,
				894FE9FF88CD485ABCD31C05 /* ClientPermissions.swift */,
				DE7E10B1DE7E10B1DE7E10B1 /* DeveloperSettings.swift */,
				F60FCE002F8BCAE3000FAC0A /* ForegroundRelaySubscription.swift */,
				B0EBA01E2F90AB01000A0002 /* PendingApprovalBanner.swift */,
				DE7E10C1DE7E10C1DE7E10C1 /* LogExporter.swift */,
				34B139A8E147475F9B40B3D5 /* NostrConnectParser.swift */,
				EF3D7A592F8BD020005A6545 /* LightCrypto.swift */,
				EF3D7A5A2F8BD020005A6545 /* LightEvent.swift */,
				EF3D7A5B2F8BD020005A6545 /* LightRelay.swift */,
				EF3D7A5C2F8BD020005A6545 /* LightSigner.swift */,
				EF3D7A5D2F8BD020005A6545 /* SharedConstants.swift */,
				EF3D7A5E2F8BD020005A6545 /* SharedKeychain.swift */,
				EFCA55B463A619311A35AF3C /* SharedModels.swift */,
				EFEE4316AC522CDDA35AFAC1 /* SharedStorage.swift */,
				EF3D7A5F2F8BD020005A6545 /* SignerService.swift */,
			);
			path = Shared;
			sourceTree = "<group>";
		};
/* End PBXGroup section */

/* Begin PBXNativeTarget section */
		EF3D7A0E2F8BCAE3005A6545 /* Clave */ = {
			isa = PBXNativeTarget;
			buildConfigurationList = EF3D7A302F8BCAE6005A6545 /* Build configuration list for PBXNativeTarget "Clave" */;
			buildPhases = (
				EF3D7A0B2F8BCAE3005A6545 /* Sources */,
				EF3D7A0C2F8BCAE3005A6545 /* Frameworks */,
				EF3D7A0D2F8BCAE3005A6545 /* Resources */,
				EF3D7A492F8BCC5C005A6545 /* Embed Foundation Extensions */,
			);
			buildRules = (
			);
			dependencies = (
				EF3D7A432F8BCC5C005A6545 /* PBXTargetDependency */,
			);
			fileSystemSynchronizedGroups = (
				EF3D7A112F8BCAE3005A6545 /* Clave */,
			);
			name = Clave;
			packageProductDependencies = (
				EF3D7A4F2F8BCE15005A6545 /* NostrSDK */,
				EF609A96DAD7E5693CA7EE4D /* P256K */,
			);
			productName = Clave;
			productReference = EF3D7A0F2F8BCAE3005A6545 /* Clave.app */;
			productType = "com.apple.product-type.application";
		};
		EF3D7A1B2F8BCAE6005A6545 /* ClaveTests */ = {
			isa = PBXNativeTarget;
			buildConfigurationList = EF3D7A332F8BCAE6005A6545 /* Build configuration list for PBXNativeTarget "ClaveTests" */;
			buildPhases = (
				EF3D7A182F8BCAE6005A6545 /* Sources */,
				EF3D7A192F8BCAE6005A6545 /* Frameworks */,
				EF3D7A1A2F8BCAE6005A6545 /* Resources */,
			);
			buildRules = (
			);
			dependencies = (
				EF3D7A1E2F8BCAE6005A6545 /* PBXTargetDependency */,
			);
			fileSystemSynchronizedGroups = (
				EF3D7A1F2F8BCAE6005A6545 /* ClaveTests */,
			);
			name = ClaveTests;
			packageProductDependencies = (
			);
			productName = ClaveTests;
			productReference = EF3D7A1C2F8BCAE6005A6545 /* ClaveTests.xctest */;
			productType = "com.apple.product-type.bundle.unit-test";
		};
		EF3D7A252F8BCAE6005A6545 /* ClaveUITests */ = {
			isa = PBXNativeTarget;
			buildConfigurationList = EF3D7A362F8BCAE6005A6545 /* Build configuration list for PBXNativeTarget "ClaveUITests" */;
			buildPhases = (
				EF3D7A222F8BCAE6005A6545 /* Sources */,
				EF3D7A232F8BCAE6005A6545 /* Frameworks */,
				EF3D7A242F8BCAE6005A6545 /* Resources */,
			);
			buildRules = (
			);
			dependencies = (
				EF3D7A282F8BCAE6005A6545 /* PBXTargetDependency */,
			);
			fileSystemSynchronizedGroups = (
				EF3D7A292F8BCAE6005A6545 /* ClaveUITests */,
			);
			name = ClaveUITests;
			packageProductDependencies = (
			);
			productName = ClaveUITests;
			productReference = EF3D7A262F8BCAE6005A6545 /* ClaveUITests.xctest */;
			productType = "com.apple.product-type.bundle.ui-testing";
		};
		EF3D7A3C2F8BCC5C005A6545 /* ClaveNSE */ = {
			isa = PBXNativeTarget;
			buildConfigurationList = EF3D7A462F8BCC5C005A6545 /* Build configuration list for PBXNativeTarget "ClaveNSE" */;
			buildPhases = (
				EF3D7A392F8BCC5C005A6545 /* Sources */,
				EF3D7A3A2F8BCC5C005A6545 /* Frameworks */,
				EF3D7A3B2F8BCC5C005A6545 /* Resources */,
			);
			buildRules = (
			);
			dependencies = (
			);
			fileSystemSynchronizedGroups = (
				EF3D7A3E2F8BCC5C005A6545 /* ClaveNSE */,
			);
			name = ClaveNSE;
			packageProductDependencies = (
				EF3D7A522F8BCE6A005A6545 /* P256K */,
			);
			productName = ClaveNSE;
			productReference = EF3D7A3D2F8BCC5C005A6545 /* ClaveNSE.appex */;
			productType = "com.apple.product-type.app-extension";
		};
/* End PBXNativeTarget section */

/* Begin PBXProject section */
		EF3D7A072F8BCAE3005A6545 /* Project object */ = {
			isa = PBXProject;
			attributes = {
				BuildIndependentTargetsInParallel = 1;
				LastSwiftUpdateCheck = 2640;
				LastUpgradeCheck = 2640;
				TargetAttributes = {
					EF3D7A0E2F8BCAE3005A6545 = {
						CreatedOnToolsVersion = 26.4;
					};
					EF3D7A1B2F8BCAE6005A6545 = {
						CreatedOnToolsVersion = 26.4;
						TestTargetID = EF3D7A0E2F8BCAE3005A6545;
					};
					EF3D7A252F8BCAE6005A6545 = {
						CreatedOnToolsVersion = 26.4;
						TestTargetID = EF3D7A0E2F8BCAE3005A6545;
					};
					EF3D7A3C2F8BCC5C005A6545 = {
						CreatedOnToolsVersion = 26.4;
					};
				};
			};
			buildConfigurationList = EF3D7A0A2F8BCAE3005A6545 /* Build configuration list for PBXProject "Clave" */;
			developmentRegion = en;
			hasScannedForEncodings = 0;
			knownRegions = (
				en,
				Base,
			);
			mainGroup = EF3D7A062F8BCAE3005A6545;
			minimizedProjectReferenceProxies = 1;
			packageReferences = (
				EF3D7A4E2F8BCE15005A6545 /* XCRemoteSwiftPackageReference "nostr-sdk-swift" */,
				EF3D7A512F8BCE6A005A6545 /* XCRemoteSwiftPackageReference "swift-secp256k1" */,
			);
			preferredProjectObjectVersion = 77;
			productRefGroup = EF3D7A102F8BCAE3005A6545 /* Products */;
			projectDirPath = "";
			projectRoot = "";
			targets = (
				EF3D7A0E2F8BCAE3005A6545 /* Clave */,
				EF3D7A1B2F8BCAE6005A6545 /* ClaveTests */,
				EF3D7A252F8BCAE6005A6545 /* ClaveUITests */,
				EF3D7A3C2F8BCC5C005A6545 /* ClaveNSE */,
			);
		};
/* End PBXProject section */

/* Begin PBXResourcesBuildPhase section */
		EF3D7A0D2F8BCAE3005A6545 /* Resources */ = {
			isa = PBXResourcesBuildPhase;
			buildActionMask = 2147483647;
			files = (
			);
			runOnlyForDeploymentPostprocessing = 0;
		};
		EF3D7A1A2F8BCAE6005A6545 /* Resources */ = {
			isa = PBXResourcesBuildPhase;
			buildActionMask = 2147483647;
			files = (
			);
			runOnlyForDeploymentPostprocessing = 0;
		};
		EF3D7A242F8BCAE6005A6545 /* Resources */ = {
			isa = PBXResourcesBuildPhase;
			buildActionMask = 2147483647;
			files = (
			);
			runOnlyForDeploymentPostprocessing = 0;
		};
		EF3D7A3B2F8BCC5C005A6545 /* Resources */ = {
			isa = PBXResourcesBuildPhase;
			buildActionMask = 2147483647;
			files = (
			);
			runOnlyForDeploymentPostprocessing = 0;
		};
/* End PBXResourcesBuildPhase section */

/* Begin PBXSourcesBuildPhase section */
		EF3D7A0B2F8BCAE3005A6545 /* Sources */ = {
			isa = PBXSourcesBuildPhase;
			buildActionMask = 2147483647;
			files = (
				EF3D7A722F8BD1C4005A6545 /* SharedKeychain.swift in Sources */,
				EF3D7A612F8BD020005A6545 /* SharedConstants.swift in Sources */,
				EF3D7A702F8BD189005A6545 /* SignerService.swift in Sources */,
				EFC7FD75109694C0A7F86D26 /* SharedModels.swift in Sources */,
				EFE12D1EC4CE48622767D427 /* SharedStorage.swift in Sources */,
				EFBF443D3DA775A267700410 /* Bech32.swift in Sources */,
				DD90DE0C2D8944D08B23C606 /* ClientPermissions.swift in Sources */,
				6D2C503B9EF64C8EA5101CDB /* NostrConnectParser.swift in Sources */,
				EF304CFAA8D958E7CCDF01AD /* LightCrypto.swift in Sources */,
				EF6058BFB67AD8970BBE8953 /* LightEvent.swift in Sources */,
				EF1963B89F3A6472380F1E0A /* LightRelay.swift in Sources */,
				EF85F076F6C02095C4B6D9C4 /* LightSigner.swift in Sources */,
				DE7E10B2DE7E10B2DE7E10B2 /* DeveloperSettings.swift in Sources */,
				F60FCE012F8BCAE3000FAC0A /* ForegroundRelaySubscription.swift in Sources */,
				B0EBA01E2F90AB01000A0001 /* PendingApprovalBanner.swift in Sources */,
				DE7E10C2DE7E10C2DE7E10C2 /* LogExporter.swift in Sources */,
			);
			runOnlyForDeploymentPostprocessing = 0;
		};
		EF3D7A182F8BCAE6005A6545 /* Sources */ = {
			isa = PBXSourcesBuildPhase;
			buildActionMask = 2147483647;
			files = (
			);
			runOnlyForDeploymentPostprocessing = 0;
		};
		EF3D7A222F8BCAE6005A6545 /* Sources */ = {
			isa = PBXSourcesBuildPhase;
			buildActionMask = 2147483647;
			files = (
			);
			runOnlyForDeploymentPostprocessing = 0;
		};
		EF3D7A392F8BCC5C005A6545 /* Sources */ = {
			isa = PBXSourcesBuildPhase;
			buildActionMask = 2147483647;
			files = (
				EF3D7A682F8BD0B8005A6545 /* SharedConstants.swift in Sources */,
				EF3D7A6C2F8BD107005A6545 /* LightEvent.swift in Sources */,
				EF3D7A6B2F8BD0FD005A6545 /* LightCrypto.swift in Sources */,
				EF3D7A6E2F8BD146005A6545 /* LightSigner.swift in Sources */,
				EF3D7A6A2F8BD0D1005A6545 /* Bech32.swift in Sources */,
				EF3D7A692F8BD0C5005A6545 /* SharedKeychain.swift in Sources */,
				EF3D7A6D2F8BD139005A6545 /* LightRelay.swift in Sources */,
				EF56291E7860E39D54142281 /* SharedModels.swift in Sources */,
				EFAF49B35F7A4241A65DCD89 /* SharedStorage.swift in Sources */,
				BD247C1AD3A7497E8DF29530 /* ClientPermissions.swift in Sources */,
				006B17A84C114EDF9B129CAE /* NostrConnectParser.swift in Sources */,
				DE7E10B3DE7E10B3DE7E10B3 /* DeveloperSettings.swift in Sources */,
				DE7E10C3DE7E10C3DE7E10C3 /* LogExporter.swift in Sources */,
			);
			runOnlyForDeploymentPostprocessing = 0;
		};
/* End PBXSourcesBuildPhase section */

/* Begin PBXTargetDependency section */
		EF3D7A1E2F8BCAE6005A6545 /* PBXTargetDependency */ = {
			isa = PBXTargetDependency;
			target = EF3D7A0E2F8BCAE3005A6545 /* Clave */;
			targetProxy = EF3D7A1D2F8BCAE6005A6545 /* PBXContainerItemProxy */;
		};
		EF3D7A282F8BCAE6005A6545 /* PBXTargetDependency */ = {
			isa = PBXTargetDependency;
			target = EF3D7A0E2F8BCAE3005A6545 /* Clave */;
			targetProxy = EF3D7A272F8BCAE6005A6545 /* PBXContainerItemProxy */;
		};
		EF3D7A432F8BCC5C005A6545 /* PBXTargetDependency */ = {
			isa = PBXTargetDependency;
			target = EF3D7A3C2F8BCC5C005A6545 /* ClaveNSE */;
			targetProxy = EF3D7A422F8BCC5C005A6545 /* PBXContainerItemProxy */;
		};
/* End PBXTargetDependency section */

/* Begin XCBuildConfiguration section */
		EF3D7A2E2F8BCAE6005A6545 /* Debug */ = {
			isa = XCBuildConfiguration;
			buildSettings = {
				ALWAYS_SEARCH_USER_PATHS = NO;
				ASSETCATALOG_COMPILER_GENERATE_SWIFT_ASSET_SYMBOL_EXTENSIONS = YES;
				CLANG_ANALYZER_NONNULL = YES;
				CLANG_ANALYZER_NUMBER_OBJECT_CONVERSION = YES_AGGRESSIVE;
				CLANG_CXX_LANGUAGE_STANDARD = "gnu++20";
				CLANG_ENABLE_MODULES = YES;
				CLANG_ENABLE_OBJC_ARC = YES;
				CLANG_ENABLE_OBJC_WEAK = YES;
				CLANG_WARN_BLOCK_CAPTURE_AUTORELEASING = YES;
				CLANG_WARN_BOOL_CONVERSION = YES;
				CLANG_WARN_COMMA = YES;
				CLANG_WARN_CONSTANT_CONVERSION = YES;
				CLANG_WARN_DEPRECATED_OBJC_IMPLEMENTATIONS = YES;
				CLANG_WARN_DIRECT_OBJC_ISA_USAGE = YES_ERROR;
				CLANG_WARN_DOCUMENTATION_COMMENTS = YES;
				CLANG_WARN_EMPTY_BODY = YES;
				CLANG_WARN_ENUM_CONVERSION = YES;
				CLANG_WARN_INFINITE_RECURSION = YES;
				CLANG_WARN_INT_CONVERSION = YES;
				CLANG_WARN_NON_LITERAL_NULL_CONVERSION = YES;
				CLANG_WARN_OBJC_IMPLICIT_RETAIN_SELF = YES;
				CLANG_WARN_OBJC_LITERAL_CONVERSION = YES;
				CLANG_WARN_OBJC_ROOT_CLASS = YES_ERROR;
				CLANG_WARN_QUOTED_INCLUDE_IN_FRAMEWORK_HEADER = YES;
				CLANG_WARN_RANGE_LOOP_ANALYSIS = YES;
				CLANG_WARN_STRICT_PROTOTYPES = YES;
				CLANG_WARN_SUSPICIOUS_MOVE = YES;
				CLANG_WARN_UNGUARDED_AVAILABILITY = YES_AGGRESSIVE;
				CLANG_WARN_UNREACHABLE_CODE = YES;
				CLANG_WARN__DUPLICATE_METHOD_MATCH = YES;
				COPY_PHASE_STRIP = NO;
				DEBUG_INFORMATION_FORMAT = dwarf;
				DEVELOPMENT_TEAM = 944AF56S27;
				ENABLE_STRICT_OBJC_MSGSEND = YES;
				ENABLE_TESTABILITY = YES;
				ENABLE_USER_SCRIPT_SANDBOXING = YES;
				GCC_C_LANGUAGE_STANDARD = gnu17;
				GCC_DYNAMIC_NO_PIC = NO;
				GCC_NO_COMMON_BLOCKS = YES;
				GCC_OPTIMIZATION_LEVEL = 0;
				GCC_PREPROCESSOR_DEFINITIONS = (
					"DEBUG=1",
					"$(inherited)",
				);
				GCC_WARN_64_TO_32_BIT_CONVERSION = YES;
				GCC_WARN_ABOUT_RETURN_TYPE = YES_ERROR;
				GCC_WARN_UNDECLARED_SELECTOR = YES;
				GCC_WARN_UNINITIALIZED_AUTOS = YES_AGGRESSIVE;
				GCC_WARN_UNUSED_FUNCTION = YES;
				GCC_WARN_UNUSED_VARIABLE = YES;
				IPHONEOS_DEPLOYMENT_TARGET = 26.4;
				LOCALIZATION_PREFERS_STRING_CATALOGS = YES;
				MTL_ENABLE_DEBUG_INFO = INCLUDE_SOURCE;
				MTL_FAST_MATH = YES;
				ONLY_ACTIVE_ARCH = YES;
				SDKROOT = iphoneos;
				SWIFT_ACTIVE_COMPILATION_CONDITIONS = "DEBUG $(inherited)";
				SWIFT_OPTIMIZATION_LEVEL = "-Onone";
			};
			name = Debug;
		};
		EF3D7A2F2F8BCAE6005A6545 /* Release */ = {
			isa = XCBuildConfiguration;
			buildSettings = {
				ALWAYS_SEARCH_USER_PATHS = NO;
				ASSETCATALOG_COMPILER_GENERATE_SWIFT_ASSET_SYMBOL_EXTENSIONS = YES;
				CLANG_ANALYZER_NONNULL = YES;
				CLANG_ANALYZER_NUMBER_OBJECT_CONVERSION = YES_AGGRESSIVE;
				CLANG_CXX_LANGUAGE_STANDARD = "gnu++20";
				CLANG_ENABLE_MODULES = YES;
				CLANG_ENABLE_OBJC_ARC = YES;
				CLANG_ENABLE_OBJC_WEAK = YES;
				CLANG_WARN_BLOCK_CAPTURE_AUTORELEASING = YES;
				CLANG_WARN_BOOL_CONVERSION = YES;
				CLANG_WARN_COMMA = YES;
				CLANG_WARN_CONSTANT_CONVERSION = YES;
				CLANG_WARN_DEPRECATED_OBJC_IMPLEMENTATIONS = YES;
				CLANG_WARN_DIRECT_OBJC_ISA_USAGE = YES_ERROR;
				CLANG_WARN_DOCUMENTATION_COMMENTS = YES;
				CLANG_WARN_EMPTY_BODY = YES;
				CLANG_WARN_ENUM_CONVERSION = YES;
				CLANG_WARN_INFINITE_RECURSION = YES;
				CLANG_WARN_INT_CONVERSION = YES;
				CLANG_WARN_NON_LITERAL_NULL_CONVERSION = YES;
				CLANG_WARN_OBJC_IMPLICIT_RETAIN_SELF = YES;
				CLANG_WARN_OBJC_LITERAL_CONVERSION = YES;
				CLANG_WARN_OBJC_ROOT_CLASS = YES_ERROR;
				CLANG_WARN_QUOTED_INCLUDE_IN_FRAMEWORK_HEADER = YES;
				CLANG_WARN_RANGE_LOOP_ANALYSIS = YES;
				CLANG_WARN_STRICT_PROTOTYPES = YES;
				CLANG_WARN_SUSPICIOUS_MOVE = YES;
				CLANG_WARN_UNGUARDED_AVAILABILITY = YES_AGGRESSIVE;
				CLANG_WARN_UNREACHABLE_CODE = YES;
				CLANG_WARN__DUPLICATE_METHOD_MATCH = YES;
				COPY_PHASE_STRIP = NO;
				DEBUG_INFORMATION_FORMAT = "dwarf-with-dsym";
				DEVELOPMENT_TEAM = 944AF56S27;
				ENABLE_NS_ASSERTIONS = NO;
				ENABLE_STRICT_OBJC_MSGSEND = YES;
				ENABLE_USER_SCRIPT_SANDBOXING = YES;
				GCC_C_LANGUAGE_STANDARD = gnu17;
				GCC_NO_COMMON_BLOCKS = YES;
				GCC_WARN_64_TO_32_BIT_CONVERSION = YES;
				GCC_WARN_ABOUT_RETURN_TYPE = YES_ERROR;
				GCC_WARN_UNDECLARED_SELECTOR = YES;
				GCC_WARN_UNINITIALIZED_AUTOS = YES_AGGRESSIVE;
				GCC_WARN_UNUSED_FUNCTION = YES;
				GCC_WARN_UNUSED_VARIABLE = YES;
				IPHONEOS_DEPLOYMENT_TARGET = 26.4;
				LOCALIZATION_PREFERS_STRING_CATALOGS = YES;
				MTL_ENABLE_DEBUG_INFO = NO;
				MTL_FAST_MATH = YES;
				SDKROOT = iphoneos;
				SWIFT_COMPILATION_MODE = wholemodule;
				VALIDATE_PRODUCT = YES;
			};
			name = Release;
		};
		EF3D7A312F8BCAE6005A6545 /* Debug */ = {
			isa = XCBuildConfiguration;
			buildSettings = {
				ASSETCATALOG_COMPILER_APPICON_NAME = AppIcon;
				ASSETCATALOG_COMPILER_GLOBAL_ACCENT_COLOR_NAME = AccentColor;
				CODE_SIGN_ENTITLEMENTS = Clave/Clave.entitlements;
				CODE_SIGN_IDENTITY = "Apple Development";
				CODE_SIGN_STYLE = Automatic;
				CURRENT_PROJECT_VERSION = 28;
				DEVELOPMENT_TEAM = 944AF56S27;
				ENABLE_PREVIEWS = YES;
				GENERATE_INFOPLIST_FILE = YES;
				INFOPLIST_FILE = Clave/Info.plist;
				INFOPLIST_KEY_UIApplicationSceneManifest_Generation = YES;
				INFOPLIST_KEY_UIApplicationSupportsIndirectInputEvents = YES;
				INFOPLIST_KEY_UILaunchScreen_Generation = YES;
				INFOPLIST_KEY_UISupportedInterfaceOrientations_iPad = "UIInterfaceOrientationPortrait UIInterfaceOrientationPortraitUpsideDown UIInterfaceOrientationLandscapeLeft UIInterfaceOrientationLandscapeRight";
				INFOPLIST_KEY_UISupportedInterfaceOrientations_iPhone = "UIInterfaceOrientationPortrait UIInterfaceOrientationLandscapeLeft UIInterfaceOrientationLandscapeRight";
				IPHONEOS_DEPLOYMENT_TARGET = 17.6;
				LD_RUNPATH_SEARCH_PATHS = (
					"$(inherited)",
					"@executable_path/Frameworks",
				);
				MARKETING_VERSION = 0.1.0;
				PRODUCT_BUNDLE_IDENTIFIER = dev.nostr.Clave;
				PRODUCT_NAME = "$(TARGET_NAME)";
				PROVISIONING_PROFILE_SPECIFIER = "";
				STRING_CATALOG_GENERATE_SYMBOLS = YES;
				SWIFT_APPROACHABLE_CONCURRENCY = YES;
				SWIFT_DEFAULT_ACTOR_ISOLATION = MainActor;
				SWIFT_EMIT_LOC_STRINGS = YES;
				SWIFT_UPCOMING_FEATURE_MEMBER_IMPORT_VISIBILITY = YES;
				SWIFT_VERSION = 5.0;
				TARGETED_DEVICE_FAMILY = "1,2";
			};
			name = Debug;
		};
		EF3D7A322F8BCAE6005A6545 /* Release */ = {
			isa = XCBuildConfiguration;
			buildSettings = {
				ASSETCATALOG_COMPILER_APPICON_NAME = AppIcon;
				ASSETCATALOG_COMPILER_GLOBAL_ACCENT_COLOR_NAME = AccentColor;
				CODE_SIGN_ENTITLEMENTS = Clave/Clave.entitlements;
				CODE_SIGN_IDENTITY = "Apple Development";
				"CODE_SIGN_IDENTITY[sdk=iphoneos*]" = "iPhone Distribution";
				CODE_SIGN_STYLE = Manual;
				CURRENT_PROJECT_VERSION = 28;
				DEVELOPMENT_TEAM = "";
				"DEVELOPMENT_TEAM[sdk=iphoneos*]" = 944AF56S27;
				ENABLE_PREVIEWS = YES;
				GENERATE_INFOPLIST_FILE = YES;
				INFOPLIST_FILE = Clave/Info.plist;
				INFOPLIST_KEY_UIApplicationSceneManifest_Generation = YES;
				INFOPLIST_KEY_UIApplicationSupportsIndirectInputEvents = YES;
				INFOPLIST_KEY_UILaunchScreen_Generation = YES;
				INFOPLIST_KEY_UISupportedInterfaceOrientations_iPad = "UIInterfaceOrientationPortrait UIInterfaceOrientationPortraitUpsideDown UIInterfaceOrientationLandscapeLeft UIInterfaceOrientationLandscapeRight";
				INFOPLIST_KEY_UISupportedInterfaceOrientations_iPhone = "UIInterfaceOrientationPortrait UIInterfaceOrientationLandscapeLeft UIInterfaceOrientationLandscapeRight";
				IPHONEOS_DEPLOYMENT_TARGET = 17.6;
				LD_RUNPATH_SEARCH_PATHS = (
					"$(inherited)",
					"@executable_path/Frameworks",
				);
				MARKETING_VERSION = 0.1.0;
				PRODUCT_BUNDLE_IDENTIFIER = dev.nostr.Clave;
				PRODUCT_NAME = "$(TARGET_NAME)";
				PROVISIONING_PROFILE_SPECIFIER = "";
				"PROVISIONING_PROFILE_SPECIFIER[sdk=iphoneos*]" = "Clave Distribution";
				STRING_CATALOG_GENERATE_SYMBOLS = YES;
				SWIFT_APPROACHABLE_CONCURRENCY = YES;
				SWIFT_DEFAULT_ACTOR_ISOLATION = MainActor;
				SWIFT_EMIT_LOC_STRINGS = YES;
				SWIFT_UPCOMING_FEATURE_MEMBER_IMPORT_VISIBILITY = YES;
				SWIFT_VERSION = 5.0;
				TARGETED_DEVICE_FAMILY = "1,2";
			};
			name = Release;
		};
		EF3D7A342F8BCAE6005A6545 /* Debug */ = {
			isa = XCBuildConfiguration;
			buildSettings = {
				BUNDLE_LOADER = "$(TEST_HOST)";
				CODE_SIGN_STYLE = Automatic;
				CURRENT_PROJECT_VERSION = 28;
				DEVELOPMENT_TEAM = 944AF56S27;
				GENERATE_INFOPLIST_FILE = YES;
				IPHONEOS_DEPLOYMENT_TARGET = 26.4;
				MARKETING_VERSION = 0.1.0;
				PRODUCT_BUNDLE_IDENTIFIER = dev.nostr.ClaveTests;
				PRODUCT_NAME = "$(TARGET_NAME)";
				STRING_CATALOG_GENERATE_SYMBOLS = NO;
				SWIFT_APPROACHABLE_CONCURRENCY = YES;
				SWIFT_EMIT_LOC_STRINGS = NO;
				SWIFT_UPCOMING_FEATURE_MEMBER_IMPORT_VISIBILITY = YES;
				SWIFT_VERSION = 5.0;
				TARGETED_DEVICE_FAMILY = "1,2";
				TEST_HOST = "$(BUILT_PRODUCTS_DIR)/Clave.app/$(BUNDLE_EXECUTABLE_FOLDER_PATH)/Clave";
			};
			name = Debug;
		};
		EF3D7A352F8BCAE6005A6545 /* Release */ = {
			isa = XCBuildConfiguration;
			buildSettings = {
				BUNDLE_LOADER = "$(TEST_HOST)";
				CODE_SIGN_STYLE = Automatic;
				CURRENT_PROJECT_VERSION = 28;
				DEVELOPMENT_TEAM = 944AF56S27;
				GENERATE_INFOPLIST_FILE = YES;
				IPHONEOS_DEPLOYMENT_TARGET = 26.4;
				MARKETING_VERSION = 0.1.0;
				PRODUCT_BUNDLE_IDENTIFIER = dev.nostr.ClaveTests;
				PRODUCT_NAME = "$(TARGET_NAME)";
				STRING_CATALOG_GENERATE_SYMBOLS = NO;
				SWIFT_APPROACHABLE_CONCURRENCY = YES;
				SWIFT_EMIT_LOC_STRINGS = NO;
				SWIFT_UPCOMING_FEATURE_MEMBER_IMPORT_VISIBILITY = YES;
				SWIFT_VERSION = 5.0;
				TARGETED_DEVICE_FAMILY = "1,2";
				TEST_HOST = "$(BUILT_PRODUCTS_DIR)/Clave.app/$(BUNDLE_EXECUTABLE_FOLDER_PATH)/Clave";
			};
			name = Release;
		};
		EF3D7A372F8BCAE6005A6545 /* Debug */ = {
			isa = XCBuildConfiguration;
			buildSettings = {
				CODE_SIGN_STYLE = Automatic;
				CURRENT_PROJECT_VERSION = 28;
				DEVELOPMENT_TEAM = 944AF56S27;
				GENERATE_INFOPLIST_FILE = YES;
				MARKETING_VERSION = 0.1.0;
				PRODUCT_BUNDLE_IDENTIFIER = dev.nostr.ClaveUITests;
				PRODUCT_NAME = "$(TARGET_NAME)";
				STRING_CATALOG_GENERATE_SYMBOLS = NO;
				SWIFT_APPROACHABLE_CONCURRENCY = YES;
				SWIFT_EMIT_LOC_STRINGS = NO;
				SWIFT_UPCOMING_FEATURE_MEMBER_IMPORT_VISIBILITY = YES;
				SWIFT_VERSION = 5.0;
				TARGETED_DEVICE_FAMILY = "1,2";
				TEST_TARGET_NAME = Clave;
			};
			name = Debug;
		};
		EF3D7A382F8BCAE6005A6545 /* Release */ = {
			isa = XCBuildConfiguration;
			buildSettings = {
				CODE_SIGN_STYLE = Automatic;
				CURRENT_PROJECT_VERSION = 28;
				DEVELOPMENT_TEAM = 944AF56S27;
				GENERATE_INFOPLIST_FILE = YES;
				MARKETING_VERSION = 0.1.0;
				PRODUCT_BUNDLE_IDENTIFIER = dev.nostr.ClaveUITests;
				PRODUCT_NAME = "$(TARGET_NAME)";
				STRING_CATALOG_GENERATE_SYMBOLS = NO;
				SWIFT_APPROACHABLE_CONCURRENCY = YES;
				SWIFT_EMIT_LOC_STRINGS = NO;
				SWIFT_UPCOMING_FEATURE_MEMBER_IMPORT_VISIBILITY = YES;
				SWIFT_VERSION = 5.0;
				TARGETED_DEVICE_FAMILY = "1,2";
				TEST_TARGET_NAME = Clave;
			};
			name = Release;
		};
		EF3D7A472F8BCC5C005A6545 /* Debug */ = {
			isa = XCBuildConfiguration;
			buildSettings = {
				CODE_SIGN_ENTITLEMENTS = ClaveNSE/ClaveNSE.entitlements;
				CODE_SIGN_STYLE = Automatic;
				CURRENT_PROJECT_VERSION = 28;
				DEVELOPMENT_TEAM = 944AF56S27;
				GENERATE_INFOPLIST_FILE = YES;
				INFOPLIST_FILE = ClaveNSE/Info.plist;
				INFOPLIST_KEY_CFBundleDisplayName = ClaveNSE;
				INFOPLIST_KEY_NSHumanReadableCopyright = "";
				IPHONEOS_DEPLOYMENT_TARGET = 17.6;
				LD_RUNPATH_SEARCH_PATHS = (
					"$(inherited)",
					"@executable_path/Frameworks",
					"@executable_path/../../Frameworks",
				);
				MARKETING_VERSION = 0.1.0;
				PRODUCT_BUNDLE_IDENTIFIER = dev.nostr.Clave.ClaveNSE;
				PRODUCT_NAME = "$(TARGET_NAME)";
				SKIP_INSTALL = YES;
				STRING_CATALOG_GENERATE_SYMBOLS = YES;
				SWIFT_APPROACHABLE_CONCURRENCY = YES;
				SWIFT_EMIT_LOC_STRINGS = YES;
				SWIFT_UPCOMING_FEATURE_MEMBER_IMPORT_VISIBILITY = YES;
				SWIFT_VERSION = 5.0;
				TARGETED_DEVICE_FAMILY = "1,2";
			};
			name = Debug;
		};
		EF3D7A482F8BCC5C005A6545 /* Release */ = {
			isa = XCBuildConfiguration;
			buildSettings = {
				CODE_SIGN_ENTITLEMENTS = ClaveNSE/ClaveNSE.entitlements;
				"CODE_SIGN_IDENTITY[sdk=iphoneos*]" = "iPhone Distribution";
				CODE_SIGN_STYLE = Manual;
				CURRENT_PROJECT_VERSION = 28;
				DEVELOPMENT_TEAM = "";
				"DEVELOPMENT_TEAM[sdk=iphoneos*]" = 944AF56S27;
				GENERATE_INFOPLIST_FILE = YES;
				INFOPLIST_FILE = ClaveNSE/Info.plist;
				INFOPLIST_KEY_CFBundleDisplayName = ClaveNSE;
				INFOPLIST_KEY_NSHumanReadableCopyright = "";
				IPHONEOS_DEPLOYMENT_TARGET = 17.6;
				LD_RUNPATH_SEARCH_PATHS = (
					"$(inherited)",
					"@executable_path/Frameworks",
					"@executable_path/../../Frameworks",
				);
				MARKETING_VERSION = 0.1.0;
				PRODUCT_BUNDLE_IDENTIFIER = dev.nostr.Clave.ClaveNSE;
				PRODUCT_NAME = "$(TARGET_NAME)";
				PROVISIONING_PROFILE_SPECIFIER = "";
				"PROVISIONING_PROFILE_SPECIFIER[sdk=iphoneos*]" = "ClaveNSE Distribution";
				SKIP_INSTALL = YES;
				STRING_CATALOG_GENERATE_SYMBOLS = YES;
				SWIFT_APPROACHABLE_CONCURRENCY = YES;
				SWIFT_EMIT_LOC_STRINGS = YES;
				SWIFT_UPCOMING_FEATURE_MEMBER_IMPORT_VISIBILITY = YES;
				SWIFT_VERSION = 5.0;
				TARGETED_DEVICE_FAMILY = "1,2";
			};
			name = Release;
		};
/* End XCBuildConfiguration section */

/* Begin XCConfigurationList section */
		EF3D7A0A2F8BCAE3005A6545 /* Build configuration list for PBXProject "Clave" */ = {
			isa = XCConfigurationList;
			buildConfigurations = (
				EF3D7A2E2F8BCAE6005A6545 /* Debug */,
				EF3D7A2F2F8BCAE6005A6545 /* Release */,
			);
			defaultConfigurationIsVisible = 0;
			defaultConfigurationName = Release;
		};
		EF3D7A302F8BCAE6005A6545 /* Build configuration list for PBXNativeTarget "Clave" */ = {
			isa = XCConfigurationList;
			buildConfigurations = (
				EF3D7A312F8BCAE6005A6545 /* Debug */,
				EF3D7A322F8BCAE6005A6545 /* Release */,
			);
			defaultConfigurationIsVisible = 0;
			defaultConfigurationName = Release;
		};
		EF3D7A332F8BCAE6005A6545 /* Build configuration list for PBXNativeTarget "ClaveTests" */ = {
			isa = XCConfigurationList;
			buildConfigurations = (
				EF3D7A342F8BCAE6005A6545 /* Debug */,
				EF3D7A352F8BCAE6005A6545 /* Release */,
			);
			defaultConfigurationIsVisible = 0;
			defaultConfigurationName = Release;
		};
		EF3D7A362F8BCAE6005A6545 /* Build configuration list for PBXNativeTarget "ClaveUITests" */ = {
			isa = XCConfigurationList;
			buildConfigurations = (
				EF3D7A372F8BCAE6005A6545 /* Debug */,
				EF3D7A382F8BCAE6005A6545 /* Release */,
			);
			defaultConfigurationIsVisible = 0;
			defaultConfigurationName = Release;
		};
		EF3D7A462F8BCC5C005A6545 /* Build configuration list for PBXNativeTarget "ClaveNSE" */ = {
			isa = XCConfigurationList;
			buildConfigurations = (
				EF3D7A472F8BCC5C005A6545 /* Debug */,
				EF3D7A482F8BCC5C005A6545 /* Release */,
			);
			defaultConfigurationIsVisible = 0;
			defaultConfigurationName = Release;
		};
/* End XCConfigurationList section */

/* Begin XCRemoteSwiftPackageReference section */
		EF3D7A4E2F8BCE15005A6545 /* XCRemoteSwiftPackageReference "nostr-sdk-swift" */ = {
			isa = XCRemoteSwiftPackageReference;
			repositoryURL = "https://github.com/rust-nostr/nostr-sdk-swift.git";
			requirement = {
				kind = upToNextMajorVersion;
				minimumVersion = 0.44.2;
			};
		};
		EF3D7A512F8BCE6A005A6545 /* XCRemoteSwiftPackageReference "swift-secp256k1" */ = {
			isa = XCRemoteSwiftPackageReference;
			repositoryURL = "https://github.com/21-DOT-DEV/swift-secp256k1.git";
			requirement = {
				kind = upToNextMajorVersion;
				minimumVersion = 0.23.0;
			};
		};
/* End XCRemoteSwiftPackageReference section */

/* Begin XCSwiftPackageProductDependency section */
		EF3D7A4F2F8BCE15005A6545 /* NostrSDK */ = {
			isa = XCSwiftPackageProductDependency;
			package = EF3D7A4E2F8BCE15005A6545 /* XCRemoteSwiftPackageReference "nostr-sdk-swift" */;
			productName = NostrSDK;
		};
		EF3D7A522F8BCE6A005A6545 /* P256K */ = {
			isa = XCSwiftPackageProductDependency;
			package = EF3D7A512F8BCE6A005A6545 /* XCRemoteSwiftPackageReference "swift-secp256k1" */;
			productName = P256K;
		};
		EF609A96DAD7E5693CA7EE4D /* P256K */ = {
			isa = XCSwiftPackageProductDependency;
			package = EF3D7A512F8BCE6A005A6545 /* XCRemoteSwiftPackageReference "swift-secp256k1" */;
			productName = P256K;
		};
/* End XCSwiftPackageProductDependency section */
	};
	rootObject = EF3D7A072F8BCAE3005A6545 /* Project object */;
}
